
Microsoft Visual Studio Solution File, Format Version 12.00
# Visual Studio Version 16
VisualStudioVersion = 16.0.30011.22
MinimumVisualStudioVersion = 10.0.40219.1
Project("{FAE04EC0-301F-11D3-BF4B-00C04F79EFBC}") = "Project1", "Project1\Project1.csproj", "{A3001361-EE0F-482A-8BE2-C63016405D07}"
EndProject
Global
	GlobalSection(SolutionConfigurationPlatforms) = preSolution
		Debug|Any CPU = Debug|Any CPU
		Release|Any CPU = Release|Any CPU
	EndGlobalSection
	GlobalSection(ProjectConfigurationPlatforms) = postSolution
		{A3001361-EE0F-482A-8BE2-C63016405D07}.Debug|Any CPU.ActiveCfg = Debug|Any CPU
		{A3001361-EE0F-482A-8BE2-C63016405D07}.Debug|Any CPU.Build.0 = Debug|Any CPU
		{A3001361-EE0F-482A-8BE2-C63016405D07}.Release|Any CPU.ActiveCfg = Release|Any CPU
		{A3001361-EE0F-482A-8BE2-C63016405D07}.Release|Any CPU.Build.0 = Release|Any CPU
	EndGlobalSection
	GlobalSection(SolutionProperties) = preSolution
		HideSolutionNode = FALSE
	EndGlobalSection
	GlobalSection(ExtensibilityGlobals) = postSolution
		SolutionGuid = {6621DDF1-1930-4818-807C-675B72B82589}
	EndGlobalSection
EndGlobal
